{
  "version": 4,
  "terraform_version": "1.10.3",
  "serial": 36,
  "lineage": "1f18473c-0589-feaa-03b6-29f4e49fa244",
  "outputs": {
    "eks_cluster_arn": {
      "value": "arn:aws:eks:us-east-1:713881811574:cluster/webapp",
      "type": "string"
    },
    "eks_cluster_certificate_authority_data": {
      "value": "LS0tLS1CRUdJTiBDRVJUSUZJQ0FURS0tLS0tCk1JSURCVENDQWUyZ0F3SUJBZ0lJT1B4RzNrZ3dOL2d3RFFZSktvWklodmNOQVFFTEJRQXdGVEVUTUJFR0ExVUUKQXhNS2EzVmlaWEp1WlhSbGN6QWVGdzB5TkRFeU1qa3hNVEE0TWpKYUZ3MHpOREV5TWpjeE1URXpNakphTUJVeApFekFSQmdOVkJBTVRDbXQxWW1WeWJtVjBaWE13Z2dFaU1BMEdDU3FHU0liM0RRRUJBUVVBQTRJQkR3QXdnZ0VLCkFvSUJBUURKTFhQTHpzdzNrUlNkT0FCWC8wU3dUSzZPbnJlSDFPTklmc003cXMwTzN1THZDU0RoTnZtMHYxdkwKUEJ1OFoyYm9VSm9LYStTUzJSNXNla0pGT0xVTDliZXRyUmROWXE2bWNPcjFuN1hYQzM5Z0MvM0pWV1NzRGl4NwpOb1E0T0pBdFVvZ2xCNUI5QmMxci9mVUczTk1oZGhVZFhidms5L1pabENVVzJtMVhIaG9xVXZHOVlmbWwyVExUCldqQjZtWWpkb2MzT0RQRWduT2wrWVlqU1ZVR0JYNEhuNnJSRmxQUE5pUkcvUnNVL1lWdVpGbDVBMUFDOFhVMXEKUDdZOU53eUdLbFVwZWxuZ3FEdng4QkZnQ1NlUWlnRVlEa1VpWHlDSGd3SzdQZHViYWNkdVV1M2Q5UFo5ZG81SAp3aXN5NE8xZDROWFJXM3pZR2hpZHR2dWZwaWF0QWdNQkFBR2pXVEJYTUE0R0ExVWREd0VCL3dRRUF3SUNwREFQCkJnTlZIUk1CQWY4RUJUQURBUUgvTUIwR0ExVWREZ1FXQkJSOWQ4Q2ZlOVNSWnEzWTFsZ09taklNeDE1RkdUQVYKQmdOVkhSRUVEakFNZ2dwcmRXSmxjbTVsZEdWek1BMEdDU3FHU0liM0RRRUJDd1VBQTRJQkFRQWl3OWpNeTI2SAo3alJ4eDd1K2xZWFcxK2xQTUUwR1JWWkFIcWE4VEhNQ0FNdGg1R0dMcFBHclYwQWhwZEZvUVV5WnR6SEt5N2lxCmJaSzZRak84U2ZOdktDVGNkckRKdDhwekVLUHBtRU04M2hHVVlkNDdWRE1TclU5ck4wUjVYMm4xcyt5ek1ZQ2kKMFNLUEpLaWluVDdlQ1dRRU1GK24zc0lOeCtqN2xINlpnU1FqUTJnU01QMnZIRXI2U0NyaW5uSDNXL1czcjBOdwozOExZaU1NNEE0OXBiTVJMdUx0S0xnb0NpWk5uZkQwaHY2WnZzZGFJRWgxZHVBdFg3MG5iVml3dkh2eGNXSkVECmtpa0RMY3FwUndqTzhiSE5acE1QRjZBd2paakhWdUVYRVl3TG9QUFAreFBNbWVGRWFrSm1mdUkxTzd6V1lUS08KOWtHa2J3ODBsT3hzCi0tLS0tRU5EIENFUlRJRklDQVRFLS0tLS0K",
      "type": "string"
    },
    "eks_cluster_endpoint": {
      "value": "https://4F4387B399D93C019A033B46B0708F98.gr7.us-east-1.eks.amazonaws.com",
      "type": "string"
    },
    "eks_cluster_name": {
      "value": "webapp",
      "type": "string"
    },
    "eks_cluster_subnet_ids": {
      "value": [
        "subnet-045c88b1bac827cfd",
        "subnet-09d156411fc809c1d"
      ],
      "type": [
        "set",
        "string"
      ]
    },
    "eks_node_group_instance_types": {
      "value": [
        "t3.medium"
      ],
      "type": [
        "list",
        "string"
      ]
    },
    "eks_node_group_name": {
      "value": "webapp-node-group",
      "type": "string"
    }
  },
  "resources": [
    {
      "mode": "managed",
      "type": "aws_eks_cluster",
      "name": "eks_cluster",
      "provider": "provider[\"registry.terraform.io/hashicorp/aws\"]",
      "instances": [
        {
          "schema_version": 1,
          "attributes": {
            "access_config": [
              {
                "authentication_mode": "CONFIG_MAP",
                "bootstrap_cluster_creator_admin_permissions": true
              }
            ],
            "arn": "arn:aws:eks:us-east-1:713881811574:cluster/webapp",
            "bootstrap_self_managed_addons": true,
            "certificate_authority": [
              {
                "data": "LS0tLS1CRUdJTiBDRVJUSUZJQ0FURS0tLS0tCk1JSURCVENDQWUyZ0F3SUJBZ0lJT1B4RzNrZ3dOL2d3RFFZSktvWklodmNOQVFFTEJRQXdGVEVUTUJFR0ExVUUKQXhNS2EzVmlaWEp1WlhSbGN6QWVGdzB5TkRFeU1qa3hNVEE0TWpKYUZ3MHpOREV5TWpjeE1URXpNakphTUJVeApFekFSQmdOVkJBTVRDbXQxWW1WeWJtVjBaWE13Z2dFaU1BMEdDU3FHU0liM0RRRUJBUVVBQTRJQkR3QXdnZ0VLCkFvSUJBUURKTFhQTHpzdzNrUlNkT0FCWC8wU3dUSzZPbnJlSDFPTklmc003cXMwTzN1THZDU0RoTnZtMHYxdkwKUEJ1OFoyYm9VSm9LYStTUzJSNXNla0pGT0xVTDliZXRyUmROWXE2bWNPcjFuN1hYQzM5Z0MvM0pWV1NzRGl4NwpOb1E0T0pBdFVvZ2xCNUI5QmMxci9mVUczTk1oZGhVZFhidms5L1pabENVVzJtMVhIaG9xVXZHOVlmbWwyVExUCldqQjZtWWpkb2MzT0RQRWduT2wrWVlqU1ZVR0JYNEhuNnJSRmxQUE5pUkcvUnNVL1lWdVpGbDVBMUFDOFhVMXEKUDdZOU53eUdLbFVwZWxuZ3FEdng4QkZnQ1NlUWlnRVlEa1VpWHlDSGd3SzdQZHViYWNkdVV1M2Q5UFo5ZG81SAp3aXN5NE8xZDROWFJXM3pZR2hpZHR2dWZwaWF0QWdNQkFBR2pXVEJYTUE0R0ExVWREd0VCL3dRRUF3SUNwREFQCkJnTlZIUk1CQWY4RUJUQURBUUgvTUIwR0ExVWREZ1FXQkJSOWQ4Q2ZlOVNSWnEzWTFsZ09taklNeDE1RkdUQVYKQmdOVkhSRUVEakFNZ2dwcmRXSmxjbTVsZEdWek1BMEdDU3FHU0liM0RRRUJDd1VBQTRJQkFRQWl3OWpNeTI2SAo3alJ4eDd1K2xZWFcxK2xQTUUwR1JWWkFIcWE4VEhNQ0FNdGg1R0dMcFBHclYwQWhwZEZvUVV5WnR6SEt5N2lxCmJaSzZRak84U2ZOdktDVGNkckRKdDhwekVLUHBtRU04M2hHVVlkNDdWRE1TclU5ck4wUjVYMm4xcyt5ek1ZQ2kKMFNLUEpLaWluVDdlQ1dRRU1GK24zc0lOeCtqN2xINlpnU1FqUTJnU01QMnZIRXI2U0NyaW5uSDNXL1czcjBOdwozOExZaU1NNEE0OXBiTVJMdUx0S0xnb0NpWk5uZkQwaHY2WnZzZGFJRWgxZHVBdFg3MG5iVml3dkh2eGNXSkVECmtpa0RMY3FwUndqTzhiSE5acE1QRjZBd2paakhWdUVYRVl3TG9QUFAreFBNbWVGRWFrSm1mdUkxTzd6V1lUS08KOWtHa2J3ODBsT3hzCi0tLS0tRU5EIENFUlRJRklDQVRFLS0tLS0K"
              }
            ],
            "cluster_id": null,
            "compute_config": [],
            "created_at": "2024-12-29T11:08:58Z",
            "enabled_cluster_log_types": null,
            "encryption_config": [],
            "endpoint": "https://4F4387B399D93C019A033B46B0708F98.gr7.us-east-1.eks.amazonaws.com",
            "id": "webapp",
            "identity": [
              {
                "oidc": [
                  {
                    "issuer": "https://oidc.eks.us-east-1.amazonaws.com/id/4F4387B399D93C019A033B46B0708F98"
                  }
                ]
              }
            ],
            "kubernetes_network_config": [
              {
                "elastic_load_balancing": [
                  {
                    "enabled": false
                  }
                ],
                "ip_family": "ipv4",
                "service_ipv4_cidr": "10.100.0.0/16",
                "service_ipv6_cidr": ""
              }
            ],
            "name": "webapp",
            "outpost_config": [],
            "platform_version": "eks.15",
            "remote_network_config": [],
            "role_arn": "arn:aws:iam::713881811574:role/eks-role",
            "status": "ACTIVE",
            "storage_config": [],
            "tags": null,
            "tags_all": {},
            "timeouts": null,
            "upgrade_policy": [
              {
                "support_type": "EXTENDED"
              }
            ],
            "version": "1.31",
            "vpc_config": [
              {
                "cluster_security_group_id": "sg-07b694d6a4d170717",
                "endpoint_private_access": false,
                "endpoint_public_access": true,
                "public_access_cidrs": [
                  "0.0.0.0/0"
                ],
                "security_group_ids": null,
                "subnet_ids": [
                  "subnet-045c88b1bac827cfd",
                  "subnet-09d156411fc809c1d"
                ],
                "vpc_id": "vpc-036a1b085d77f257b"
              }
            ],
            "zonal_shift_config": []
          },
          "sensitive_attributes": [],
          "private": "eyJlMmJmYjczMC1lY2FhLTExZTYtOGY4OC0zNDM2M2JjN2M0YzAiOnsiY3JlYXRlIjoxODAwMDAwMDAwMDAwLCJkZWxldGUiOjkwMDAwMDAwMDAwMCwidXBkYXRlIjozNjAwMDAwMDAwMDAwfSwic2NoZW1hX3ZlcnNpb24iOiIxIn0=",
          "dependencies": [
            "aws_iam_role.eks_role",
            "aws_iam_role_policy_attachment.eks_policy_attachment"
          ]
        }
      ]
    },
    {
      "mode": "managed",
      "type": "aws_iam_role",
      "name": "eks_role",
      "provider": "provider[\"registry.terraform.io/hashicorp/aws\"]",
      "instances": [
        {
          "schema_version": 0,
          "attributes": {
            "arn": "arn:aws:iam::713881811574:role/eks-role",
            "assume_role_policy": "{\"Statement\":[{\"Action\":\"sts:AssumeRole\",\"Effect\":\"Allow\",\"Principal\":{\"Service\":\"eks.amazonaws.com\"}}],\"Version\":\"2012-10-17\"}",
            "create_date": "2024-12-29T11:08:54Z",
            "description": "",
            "force_detach_policies": false,
            "id": "eks-role",
            "inline_policy": [],
            "managed_policy_arns": [],
            "max_session_duration": 3600,
            "name": "eks-role",
            "name_prefix": "",
            "path": "/",
            "permissions_boundary": "",
            "tags": null,
            "tags_all": {},
            "unique_id": "AROA2MNVL7J3EHQ73Z7PS"
          },
          "sensitive_attributes": [],
          "private": "bnVsbA=="
        }
      ]
    },
    {
      "mode": "managed",
      "type": "aws_iam_role_policy",
      "name": "eks_role_policy",
      "provider": "provider[\"registry.terraform.io/hashicorp/aws\"]",
      "instances": [
        {
          "schema_version": 0,
          "attributes": {
            "id": "eks-role:eks-role-policy",
            "name": "eks-role-policy",
            "name_prefix": "",
            "policy": "{\"Version\":\"2012-10-17\",\"Statement\":[{\"Action\":\"*\",\"Effect\":\"Allow\",\"Resource\":\"*\"}]}",
            "role": "eks-role"
          },
          "sensitive_attributes": [],
          "private": "bnVsbA==",
          "dependencies": [
            "aws_iam_role.eks_role"
          ]
        }
      ]
    },
    {
      "mode": "managed",
      "type": "aws_iam_role_policy_attachment",
      "name": "eks_policy_attachment",
      "provider": "provider[\"registry.terraform.io/hashicorp/aws\"]",
      "instances": [
        {
          "schema_version": 0,
          "attributes": {
            "id": "eks-role-20241229110855940700000001",
            "policy_arn": "arn:aws:iam::aws:policy/AmazonEKSClusterPolicy",
            "role": "eks-role"
          },
          "sensitive_attributes": [],
          "private": "bnVsbA==",
          "dependencies": [
            "aws_iam_role.eks_role"
          ]
        }
      ]
    }
  ],
  "check_results": null
}
