{
  "version": 4,
  "terraform_version": "1.10.3",
  "serial": 42,
  "lineage": "1f18473c-0589-feaa-03b6-29f4e49fa244",
  "outputs": {
    "eks_cluster_arn": {
      "value": "arn:aws:eks:us-east-1:713881811574:cluster/webapp",
      "type": "string"
    },
    "eks_cluster_certificate_authority_data": {
      "value": "LS0tLS1CRUdJTiBDRVJUSUZJQ0FURS0tLS0tCk1JSURCVENDQWUyZ0F3SUJBZ0lJZEhpTHZIeGI2SGd3RFFZSktvWklodmNOQVFFTEJRQXdGVEVUTUJFR0ExVUUKQXhNS2EzVmlaWEp1WlhSbGN6QWVGdzB5TkRFeU1qa3hNVEU1TkRGYUZ3MHpOREV5TWpjeE1USTBOREZhTUJVeApFekFSQmdOVkJBTVRDbXQxWW1WeWJtVjBaWE13Z2dFaU1BMEdDU3FHU0liM0RRRUJBUVVBQTRJQkR3QXdnZ0VLCkFvSUJBUURHYm40R29LRXk3MzZaektLdzUxd1NjWmVZeE9zSGtwWE9mUC9mSktDT2RhOWltWlh0T1NoemhEa2gKanYxS2twbWVKWGVBSUtEaHUrcTBLbTgvTnR6YkdyNkVrZ2VWekZzeEtNVitpRHN6cy9TQnJsSlI3bXVBUzhYQwp4eUtOWVdKQnY1QkQrVytyek54VmZHNTV4ZjRLWHVEN2lYQUlDZG91WUI3MEloS3hIdHF2emZYeWp2Y1lvNyt4CmpTRW8vYkk2bzBHdnNoSXVzY0FIVlhueFd3Ym0wS2tkemtRQ0VrYjRhR1Q1ODIrSWE0aDNwbkt6NEs0NlNjY08KSGR6Tnp3K2k2QkI1MTRPeDNZcGtkdzJiUHV4a2VxQkYzbU1sQ05HTys3ZmxacitaNytKMERkZ3hDUmJmcUlBVwpTK2RKbjdORVNSendFRThpRGVkc2tydnZtWmtsQWdNQkFBR2pXVEJYTUE0R0ExVWREd0VCL3dRRUF3SUNwREFQCkJnTlZIUk1CQWY4RUJUQURBUUgvTUIwR0ExVWREZ1FXQkJSOUwvbkpDN0dQZi9JZGlmQm04TjVyTit2U2l6QVYKQmdOVkhSRUVEakFNZ2dwcmRXSmxjbTVsZEdWek1BMEdDU3FHU0liM0RRRUJDd1VBQTRJQkFRQTYwbllrWnYveQpCSUZEVEVTRGl4WkluUDRPTWpzRGhlRm1vanNCc3pabitzQzZCbmoyd0lGd1FaWDRVWWEvZS95NDBHOHJTUFZCCmIvVEtTNmhmOXFJV2RjdVBOOExLbXFneklPaFFjblFiUmxUeG9FS3pLcGFPRVVMaSsrbW5LOFhXUUY3NVNWWGUKeFEzajlVUzlZMTkzeDZRMlBPaWRjS1h6aHg2aHZpenllRy9Tcm9vNnVsb2ZKSmFqdlNMZmcxUzl3TlZxYVJ3awo1NzhadjV3S3A3OUVLNnJzM2tTRUNjbUY2bUxoWUdTQ2I0aGRQVGdTRit6L244TjBrbGZPVE5MVDJhcWhqeWdXCjQ5T3Y5bXQ2UzNWSFl5RTFrdVNqSnhZN05mYlRwZ0ZTamErYnowSmFaOE1IVEFheWo1YVpWVXBmZFdKNG9oOEUKMDBMcS9LSWQ3Ylk2Ci0tLS0tRU5EIENFUlRJRklDQVRFLS0tLS0K",
      "type": "string"
    },
    "eks_cluster_endpoint": {
      "value": "https://93C9E03D47A074E98821C75E6746DDFE.gr7.us-east-1.eks.amazonaws.com",
      "type": "string"
    },
    "eks_cluster_name": {
      "value": "webapp",
      "type": "string"
    },
    "eks_cluster_subnet_ids": {
      "value": [
        "subnet-045c88b1bac827cfd",
        "subnet-09d156411fc809c1d"
      ],
      "type": [
        "set",
        "string"
      ]
    },
    "eks_node_group_instance_types": {
      "value": [
        "t3.medium"
      ],
      "type": [
        "list",
        "string"
      ]
    },
    "eks_node_group_name": {
      "value": "webapp-node-group",
      "type": "string"
    }
  },
  "resources": [
    {
      "mode": "managed",
      "type": "aws_eks_cluster",
      "name": "eks_cluster",
      "provider": "provider[\"registry.terraform.io/hashicorp/aws\"]",
      "instances": [
        {
          "schema_version": 1,
          "attributes": {
            "access_config": [
              {
                "authentication_mode": "CONFIG_MAP",
                "bootstrap_cluster_creator_admin_permissions": true
              }
            ],
            "arn": "arn:aws:eks:us-east-1:713881811574:cluster/webapp",
            "bootstrap_self_managed_addons": true,
            "certificate_authority": [
              {
                "data": "LS0tLS1CRUdJTiBDRVJUSUZJQ0FURS0tLS0tCk1JSURCVENDQWUyZ0F3SUJBZ0lJZEhpTHZIeGI2SGd3RFFZSktvWklodmNOQVFFTEJRQXdGVEVUTUJFR0ExVUUKQXhNS2EzVmlaWEp1WlhSbGN6QWVGdzB5TkRFeU1qa3hNVEU1TkRGYUZ3MHpOREV5TWpjeE1USTBOREZhTUJVeApFekFSQmdOVkJBTVRDbXQxWW1WeWJtVjBaWE13Z2dFaU1BMEdDU3FHU0liM0RRRUJBUVVBQTRJQkR3QXdnZ0VLCkFvSUJBUURHYm40R29LRXk3MzZaektLdzUxd1NjWmVZeE9zSGtwWE9mUC9mSktDT2RhOWltWlh0T1NoemhEa2gKanYxS2twbWVKWGVBSUtEaHUrcTBLbTgvTnR6YkdyNkVrZ2VWekZzeEtNVitpRHN6cy9TQnJsSlI3bXVBUzhYQwp4eUtOWVdKQnY1QkQrVytyek54VmZHNTV4ZjRLWHVEN2lYQUlDZG91WUI3MEloS3hIdHF2emZYeWp2Y1lvNyt4CmpTRW8vYkk2bzBHdnNoSXVzY0FIVlhueFd3Ym0wS2tkemtRQ0VrYjRhR1Q1ODIrSWE0aDNwbkt6NEs0NlNjY08KSGR6Tnp3K2k2QkI1MTRPeDNZcGtkdzJiUHV4a2VxQkYzbU1sQ05HTys3ZmxacitaNytKMERkZ3hDUmJmcUlBVwpTK2RKbjdORVNSendFRThpRGVkc2tydnZtWmtsQWdNQkFBR2pXVEJYTUE0R0ExVWREd0VCL3dRRUF3SUNwREFQCkJnTlZIUk1CQWY4RUJUQURBUUgvTUIwR0ExVWREZ1FXQkJSOUwvbkpDN0dQZi9JZGlmQm04TjVyTit2U2l6QVYKQmdOVkhSRUVEakFNZ2dwcmRXSmxjbTVsZEdWek1BMEdDU3FHU0liM0RRRUJDd1VBQTRJQkFRQTYwbllrWnYveQpCSUZEVEVTRGl4WkluUDRPTWpzRGhlRm1vanNCc3pabitzQzZCbmoyd0lGd1FaWDRVWWEvZS95NDBHOHJTUFZCCmIvVEtTNmhmOXFJV2RjdVBOOExLbXFneklPaFFjblFiUmxUeG9FS3pLcGFPRVVMaSsrbW5LOFhXUUY3NVNWWGUKeFEzajlVUzlZMTkzeDZRMlBPaWRjS1h6aHg2aHZpenllRy9Tcm9vNnVsb2ZKSmFqdlNMZmcxUzl3TlZxYVJ3awo1NzhadjV3S3A3OUVLNnJzM2tTRUNjbUY2bUxoWUdTQ2I0aGRQVGdTRit6L244TjBrbGZPVE5MVDJhcWhqeWdXCjQ5T3Y5bXQ2UzNWSFl5RTFrdVNqSnhZN05mYlRwZ0ZTamErYnowSmFaOE1IVEFheWo1YVpWVXBmZFdKNG9oOEUKMDBMcS9LSWQ3Ylk2Ci0tLS0tRU5EIENFUlRJRklDQVRFLS0tLS0K"
              }
            ],
            "cluster_id": null,
            "compute_config": [],
            "created_at": "2024-12-29T11:19:32Z",
            "enabled_cluster_log_types": null,
            "encryption_config": [],
            "endpoint": "https://93C9E03D47A074E98821C75E6746DDFE.gr7.us-east-1.eks.amazonaws.com",
            "id": "webapp",
            "identity": [
              {
                "oidc": [
                  {
                    "issuer": "https://oidc.eks.us-east-1.amazonaws.com/id/93C9E03D47A074E98821C75E6746DDFE"
                  }
                ]
              }
            ],
            "kubernetes_network_config": [
              {
                "elastic_load_balancing": [
                  {
                    "enabled": false
                  }
                ],
                "ip_family": "ipv4",
                "service_ipv4_cidr": "10.100.0.0/16",
                "service_ipv6_cidr": ""
              }
            ],
            "name": "webapp",
            "outpost_config": [],
            "platform_version": "eks.15",
            "remote_network_config": [],
            "role_arn": "arn:aws:iam::713881811574:role/eks-role",
            "status": "ACTIVE",
            "storage_config": [],
            "tags": null,
            "tags_all": {},
            "timeouts": null,
            "upgrade_policy": [
              {
                "support_type": "EXTENDED"
              }
            ],
            "version": "1.31",
            "vpc_config": [
              {
                "cluster_security_group_id": "sg-0043a75980f5e2bdf",
                "endpoint_private_access": false,
                "endpoint_public_access": true,
                "public_access_cidrs": [
                  "0.0.0.0/0"
                ],
                "security_group_ids": null,
                "subnet_ids": [
                  "subnet-045c88b1bac827cfd",
                  "subnet-09d156411fc809c1d"
                ],
                "vpc_id": "vpc-036a1b085d77f257b"
              }
            ],
            "zonal_shift_config": []
          },
          "sensitive_attributes": [],
          "private": "eyJlMmJmYjczMC1lY2FhLTExZTYtOGY4OC0zNDM2M2JjN2M0YzAiOnsiY3JlYXRlIjoxODAwMDAwMDAwMDAwLCJkZWxldGUiOjkwMDAwMDAwMDAwMCwidXBkYXRlIjozNjAwMDAwMDAwMDAwfSwic2NoZW1hX3ZlcnNpb24iOiIxIn0=",
          "dependencies": [
            "aws_iam_role.eks_role",
            "aws_iam_role_policy_attachment.eks_policy_attachment"
          ]
        }
      ]
    },
    {
      "mode": "managed",
      "type": "aws_eks_node_group",
      "name": "eks_node_group",
      "provider": "provider[\"registry.terraform.io/hashicorp/aws\"]",
      "instances": [
        {
          "schema_version": 0,
          "attributes": {
            "ami_type": "AL2023_x86_64_STANDARD",
            "arn": "arn:aws:eks:us-east-1:713881811574:nodegroup/webapp/webapp-node-group/52ca0916-0f9f-b83d-315e-20454a40af38",
            "capacity_type": "ON_DEMAND",
            "cluster_name": "webapp",
            "disk_size": 20,
            "force_update_version": null,
            "id": "webapp:webapp-node-group",
            "instance_types": [
              "t3.medium"
            ],
            "labels": null,
            "launch_template": [],
            "node_group_name": "webapp-node-group",
            "node_group_name_prefix": "",
            "node_role_arn": "arn:aws:iam::713881811574:role/eks-role",
            "release_version": "1.31.3-20241225",
            "remote_access": [],
            "resources": [
              {
                "autoscaling_groups": [
                  {
                    "name": "eks-webapp-node-group-52ca0916-0f9f-b83d-315e-20454a40af38"
                  }
                ],
                "remote_access_security_group_id": ""
              }
            ],
            "scaling_config": [
              {
                "desired_size": 2,
                "max_size": 3,
                "min_size": 1
              }
            ],
            "status": "ACTIVE",
            "subnet_ids": [
              "subnet-045c88b1bac827cfd",
              "subnet-09d156411fc809c1d"
            ],
            "tags": null,
            "tags_all": {},
            "taint": [],
            "timeouts": null,
            "update_config": [
              {
                "max_unavailable": 1,
                "max_unavailable_percentage": 0
              }
            ],
            "version": "1.31"
          },
          "sensitive_attributes": [],
          "private": "eyJlMmJmYjczMC1lY2FhLTExZTYtOGY4OC0zNDM2M2JjN2M0YzAiOnsiY3JlYXRlIjozNjAwMDAwMDAwMDAwLCJkZWxldGUiOjM2MDAwMDAwMDAwMDAsInVwZGF0ZSI6MzYwMDAwMDAwMDAwMH19",
          "dependencies": [
            "aws_eks_cluster.eks_cluster",
            "aws_iam_role.eks_role",
            "aws_iam_role_policy_attachment.eks_policy_attachment"
          ]
        }
      ]
    },
    {
      "mode": "managed",
      "type": "aws_iam_role",
      "name": "eks_role",
      "provider": "provider[\"registry.terraform.io/hashicorp/aws\"]",
      "instances": [
        {
          "schema_version": 0,
          "attributes": {
            "arn": "arn:aws:iam::713881811574:role/eks-role",
            "assume_role_policy": "{\"Statement\":[{\"Action\":\"sts:AssumeRole\",\"Effect\":\"Allow\",\"Principal\":{\"Service\":[\"eks.amazonaws.com\",\"ec2.amazonaws.com\"]}}],\"Version\":\"2012-10-17\"}",
            "create_date": "2024-12-29T11:19:27Z",
            "description": "",
            "force_detach_policies": false,
            "id": "eks-role",
            "inline_policy": [],
            "managed_policy_arns": [],
            "max_session_duration": 3600,
            "name": "eks-role",
            "name_prefix": "",
            "path": "/",
            "permissions_boundary": "",
            "tags": null,
            "tags_all": {},
            "unique_id": "AROA2MNVL7J3P73Z6J6J6"
          },
          "sensitive_attributes": [],
          "private": "bnVsbA=="
        }
      ]
    },
    {
      "mode": "managed",
      "type": "aws_iam_role_policy",
      "name": "eks_role_policy",
      "provider": "provider[\"registry.terraform.io/hashicorp/aws\"]",
      "instances": [
        {
          "schema_version": 0,
          "attributes": {
            "id": "eks-role:eks-role-policy",
            "name": "eks-role-policy",
            "name_prefix": "",
            "policy": "{\"Version\":\"2012-10-17\",\"Statement\":[{\"Action\":\"*\",\"Effect\":\"Allow\",\"Resource\":\"*\"}]}",
            "role": "eks-role"
          },
          "sensitive_attributes": [],
          "private": "bnVsbA==",
          "dependencies": [
            "aws_iam_role.eks_role"
          ]
        }
      ]
    },
    {
      "mode": "managed",
      "type": "aws_iam_role_policy_attachment",
      "name": "eks_policy_attachment",
      "provider": "provider[\"registry.terraform.io/hashicorp/aws\"]",
      "instances": [
        {
          "schema_version": 0,
          "attributes": {
            "id": "eks-role-20241229111928914600000001",
            "policy_arn": "arn:aws:iam::aws:policy/AmazonEKSClusterPolicy",
            "role": "eks-role"
          },
          "sensitive_attributes": [],
          "private": "bnVsbA==",
          "dependencies": [
            "aws_iam_role.eks_role"
          ]
        }
      ]
    }
  ],
  "check_results": null
}
